
Microsoft Visual Studio Solution File, Format Version 12.00
# Visual Studio Version 16
VisualStudioVersion = 16.0.31205.134
MinimumVisualStudioVersion = 10.0.40219.1
Project("{FAE04EC0-301F-11D3-BF4B-00C04F79EFBC}") = "Лр2_Несведова", "Лр2_Несведова\Лр2_Несведова.csproj", "{A8FD5635-4058-4486-8A85-EA03EC5CBFB0}"
EndProject
Global
	GlobalSection(SolutionConfigurationPlatforms) = preSolution
		Debug|Any CPU = Debug|Any CPU
		Release|Any CPU = Release|Any CPU
	EndGlobalSection
	GlobalSection(ProjectConfigurationPlatforms) = postSolution
		{A8FD5635-4058-4486-8A85-EA03EC5CBFB0}.Debug|Any CPU.ActiveCfg = Debug|Any CPU
		{A8FD5635-4058-4486-8A85-EA03EC5CBFB0}.Debug|Any CPU.Build.0 = Debug|Any CPU
		{A8FD5635-4058-4486-8A85-EA03EC5CBFB0}.Release|Any CPU.ActiveCfg = Release|Any CPU
		{A8FD5635-4058-4486-8A85-EA03EC5CBFB0}.Release|Any CPU.Build.0 = Release|Any CPU
	EndGlobalSection
	GlobalSection(SolutionProperties) = preSolution
		HideSolutionNode = FALSE
	EndGlobalSection
	GlobalSection(ExtensibilityGlobals) = postSolution
		SolutionGuid = {4CA50CAB-FEB1-4AC8-884A-BDCC21EF49FE}
	EndGlobalSection
EndGlobal
